{
  "name": "@taigikeyboard/taigi-cli",
  "version": "0.2.0",
  "lockfileVersion": 3,
  "requires": true,
  "packages": {
    "": {
      "name": "@taigikeyboard/taigi-cli",
      "version": "0.2.0",
      "license": "MIT",
      "dependencies": {
        "@kemdict/kesi": "^0.3.1"
      },
      "bin": {
        "tai": "bin/tai.js"
      },
      "engines": {
        "node": ">=22"
      }
    },
    "node_modules/@kemdict/kesi": {
      "version": "0.3.1",
      "resolved": "https://registry.npmjs.org/@kemdict/kesi/-/kesi-0.3.1.tgz",
      "integrity": "sha512-9WJZqwmZSHrLUhSri0cyvw+ecykI0ZwJkuAxAI1wbwVYMPl6a9pma8Y+BtfvY0Mp/Nut4Tfvy6JqEquZeid4vA==",
      "license": "MIT",
      "bin": {
        "kemdict-kesi": "dist/cli.js"
      }
    }
  }
}
